
Microsoft Visual Studio Solution File, Format Version 12.00
# Visual Studio Version 17
VisualStudioVersion = 17.9.34701.34
MinimumVisualStudioVersion = 10.0.40219.1
Project("{FAE04EC0-301F-11D3-BF4B-00C04F79EFBC}") = "EncryptionLibrary", "EncryptionLibrary\EncryptionLibrary.csproj", "{94315E5E-54D7-4C5A-9522-4B242B855AA7}"
EndProject
Global
	GlobalSection(SolutionConfigurationPlatforms) = preSolution
		Debug|Any CPU = Debug|Any CPU
		Release|Any CPU = Release|Any CPU
	EndGlobalSection
	GlobalSection(ProjectConfigurationPlatforms) = postSolution
		{94315E5E-54D7-4C5A-9522-4B242B855AA7}.Debug|Any CPU.ActiveCfg = Debug|Any CPU
		{94315E5E-54D7-4C5A-9522-4B242B855AA7}.Debug|Any CPU.Build.0 = Debug|Any CPU
		{94315E5E-54D7-4C5A-9522-4B242B855AA7}.Release|Any CPU.ActiveCfg = Release|Any CPU
		{94315E5E-54D7-4C5A-9522-4B242B855AA7}.Release|Any CPU.Build.0 = Release|Any CPU
	EndGlobalSection
	GlobalSection(SolutionProperties) = preSolution
		HideSolutionNode = FALSE
	EndGlobalSection
	GlobalSection(ExtensibilityGlobals) = postSolution
		SolutionGuid = {0D1B2899-911E-4528-B6B0-5BAA61942CE1}
	EndGlobalSection
EndGlobal
